// !$*UTF8*$!
{
	archiveVersion = 1;
	classes = {
	};
	objectVersion = 56;
	objects = {

/* Begin PBXBuildFile section */
		293541D92BC91EE70067FE03 /* AppDelegate.swift in Sources */ = {isa = PBXBuildFile; fileRef = 293541D82BC91EE70067FE03 /* AppDelegate.swift */; };
		293541DB2BC91EE70067FE03 /* SceneDelegate.swift in Sources */ = {isa = PBXBuildFile; fileRef = 293541DA2BC91EE70067FE03 /* SceneDelegate.swift */; };
		293541DD2BC91EE70067FE03 /* ViewController.swift in Sources */ = {isa = PBXBuildFile; fileRef = 293541DC2BC91EE70067FE03 /* ViewController.swift */; };
		293541E02BC91EE70067FE03 /* Base in Resources */ = {isa = PBXBuildFile; fileRef = 293541DF2BC91EE70067FE03 /* Base */; };
		293541E22BC91EE80067FE03 /* Assets.xcassets in Resources */ = {isa = PBXBuildFile; fileRef = 293541E12BC91EE80067FE03 /* Assets.xcassets */; };
		293541E52BC91EE80067FE03 /* Base in Resources */ = {isa = PBXBuildFile; fileRef = 293541E42BC91EE80067FE03 /* Base */; };
		293541EE2BC91F090067FE03 /* HaishinKit in Frameworks */ = {isa = PBXBuildFile; productRef = 293541ED2BC91F090067FE03 /* HaishinKit */; };
		293541F02BC91F090067FE03 /* SRTHaishinKit in Frameworks */ = {isa = PBXBuildFile; productRef = 293541EF2BC91F090067FE03 /* SRTHaishinKit */; };
		293541F22BCA5C720067FE03 /* NetworkConnectivity.swift in Sources */ = {isa = PBXBuildFile; fileRef = 293541F12BCA5C720067FE03 /* NetworkConnectivity.swift */; };
/* End PBXBuildFile section */

/* Begin PBXFileReference section */
		293541D52BC91EE70067FE03 /* ipc4.app */ = {isa = PBXFileReference; explicitFileType = wrapper.application; includeInIndex = 0; path = ipc4.app; sourceTree = BUILT_PRODUCTS_DIR; };
		293541D82BC91EE70067FE03 /* AppDelegate.swift */ = {isa = PBXFileReference; lastKnownFileType = sourcecode.swift; path = AppDelegate.swift; sourceTree = "<group>"; };
		293541DA2BC91EE70067FE03 /* SceneDelegate.swift */ = {isa = PBXFileReference; lastKnownFileType = sourcecode.swift; path = SceneDelegate.swift; sourceTree = "<group>"; };
		293541DC2BC91EE70067FE03 /* ViewController.swift */ = {isa = PBXFileReference; lastKnownFileType = sourcecode.swift; path = ViewController.swift; sourceTree = "<group>"; };
		293541DF2BC91EE70067FE03 /* Base */ = {isa = PBXFileReference; lastKnownFileType = file.storyboard; name = Base; path = Base.lproj/Main.storyboard; sourceTree = "<group>"; };
		293541E12BC91EE80067FE03 /* Assets.xcassets */ = {isa = PBXFileReference; lastKnownFileType = folder.assetcatalog; path = Assets.xcassets; sourceTree = "<group>"; };
		293541E42BC91EE80067FE03 /* Base */ = {isa = PBXFileReference; lastKnownFileType = file.storyboard; name = Base; path = Base.lproj/LaunchScreen.storyboard; sourceTree = "<group>"; };
		293541E62BC91EE80067FE03 /* Info.plist */ = {isa = PBXFileReference; lastKnownFileType = text.plist.xml; path = Info.plist; sourceTree = "<group>"; };
		293541F12BCA5C720067FE03 /* NetworkConnectivity.swift */ = {isa = PBXFileReference; lastKnownFileType = sourcecode.swift; path = NetworkConnectivity.swift; sourceTree = "<group>"; };
/* End PBXFileReference section */

/* Begin PBXFrameworksBuildPhase section */
		293541D22BC91EE70067FE03 /* Frameworks */ = {
			isa = PBXFrameworksBuildPhase;
			buildActionMask = 2147483647;
			files = (
				293541F02BC91F090067FE03 /* SRTHaishinKit in Frameworks */,
				293541EE2BC91F090067FE03 /* HaishinKit in Frameworks */,
			);
			runOnlyForDeploymentPostprocessing = 0;
		};
/* End PBXFrameworksBuildPhase section */

/* Begin PBXGroup section */
		293541CC2BC91EE70067FE03 = {
			isa = PBXGroup;
			children = (
				293541D72BC91EE70067FE03 /* ipc4 */,
				293541D62BC91EE70067FE03 /* Products */,
			);
			sourceTree = "<group>";
		};
		293541D62BC91EE70067FE03 /* Products */ = {
			isa = PBXGroup;
			children = (
				293541D52BC91EE70067FE03 /* ipc4.app */,
			);
			name = Products;
			sourceTree = "<group>";
		};
		293541D72BC91EE70067FE03 /* ipc4 */ = {
			isa = PBXGroup;
			children = (
				293541D82BC91EE70067FE03 /* AppDelegate.swift */,
				293541DA2BC91EE70067FE03 /* SceneDelegate.swift */,
				293541DC2BC91EE70067FE03 /* ViewController.swift */,
				293541DE2BC91EE70067FE03 /* Main.storyboard */,
				293541E12BC91EE80067FE03 /* Assets.xcassets */,
				293541E32BC91EE80067FE03 /* LaunchScreen.storyboard */,
				293541E62BC91EE80067FE03 /* Info.plist */,
				293541F12BCA5C720067FE03 /* NetworkConnectivity.swift */,
			);
			path = ipc4;
			sourceTree = "<group>";
		};
/* End PBXGroup section */

/* Begin PBXNativeTarget section */
		293541D42BC91EE70067FE03 /* ipc4 */ = {
			isa = PBXNativeTarget;
			buildConfigurationList = 293541E92BC91EE80067FE03 /* Build configuration list for PBXNativeTarget "ipc4" */;
			buildPhases = (
				293541D12BC91EE70067FE03 /* Sources */,
				293541D22BC91EE70067FE03 /* Frameworks */,
				293541D32BC91EE70067FE03 /* Resources */,
			);
			buildRules = (
			);
			dependencies = (
			);
			name = ipc4;
			packageProductDependencies = (
				293541ED2BC91F090067FE03 /* HaishinKit */,
				293541EF2BC91F090067FE03 /* SRTHaishinKit */,
			);
			productName = ipc4;
			productReference = 293541D52BC91EE70067FE03 /* ipc4.app */;
			productType = "com.apple.product-type.application";
		};
/* End PBXNativeTarget section */

/* Begin PBXProject section */
		293541CD2BC91EE70067FE03 /* Project object */ = {
			isa = PBXProject;
			attributes = {
				BuildIndependentTargetsInParallel = 1;
				LastSwiftUpdateCheck = 1530;
				LastUpgradeCheck = 1530;
				TargetAttributes = {
					293541D42BC91EE70067FE03 = {
						CreatedOnToolsVersion = 15.3;
					};
				};
			};
			buildConfigurationList = 293541D02BC91EE70067FE03 /* Build configuration list for PBXProject "ipc4" */;
			compatibilityVersion = "Xcode 14.0";
			developmentRegion = en;
			hasScannedForEncodings = 0;
			knownRegions = (
				en,
				Base,
			);
			mainGroup = 293541CC2BC91EE70067FE03;
			packageReferences = (
				293541EC2BC91F090067FE03 /* XCRemoteSwiftPackageReference "HaishinKit" */,
			);
			productRefGroup = 293541D62BC91EE70067FE03 /* Products */;
			projectDirPath = "";
			projectRoot = "";
			targets = (
				293541D42BC91EE70067FE03 /* ipc4 */,
			);
		};
/* End PBXProject section */

/* Begin PBXResourcesBuildPhase section */
		293541D32BC91EE70067FE03 /* Resources */ = {
			isa = PBXResourcesBuildPhase;
			buildActionMask = 2147483647;
			files = (
				293541E22BC91EE80067FE03 /* Assets.xcassets in Resources */,
				293541E52BC91EE80067FE03 /* Base in Resources */,
				293541E02BC91EE70067FE03 /* Base in Resources */,
			);
			runOnlyForDeploymentPostprocessing = 0;
		};
/* End PBXResourcesBuildPhase section */

/* Begin PBXSourcesBuildPhase section */
		293541D12BC91EE70067FE03 /* Sources */ = {
			isa = PBXSourcesBuildPhase;
			buildActionMask = 2147483647;
			files = (
				293541DD2BC91EE70067FE03 /* ViewController.swift in Sources */,
				293541F22BCA5C720067FE03 /* NetworkConnectivity.swift in Sources */,
				293541D92BC91EE70067FE03 /* AppDelegate.swift in Sources */,
				293541DB2BC91EE70067FE03 /* SceneDelegate.swift in Sources */,
			);
			runOnlyForDeploymentPostprocessing = 0;
		};
/* End PBXSourcesBuildPhase section */

/* Begin PBXVariantGroup section */
		293541DE2BC91EE70067FE03 /* Main.storyboard */ = {
			isa = PBXVariantGroup;
			children = (
				293541DF2BC91EE70067FE03 /* Base */,
			);
			name = Main.storyboard;
			sourceTree = "<group>";
		};
		293541E32BC91EE80067FE03 /* LaunchScreen.storyboard */ = {
			isa = PBXVariantGroup;
			children = (
				293541E42BC91EE80067FE03 /* Base */,
			);
			name = LaunchScreen.storyboard;
			sourceTree = "<group>";
		};
/* End PBXVariantGroup section */

/* Begin XCBuildConfiguration section */
		293541E72BC91EE80067FE03 /* Debug */ = {
			isa = XCBuildConfiguration;
			buildSettings = {
				ALWAYS_SEARCH_USER_PATHS = NO;
				ASSETCATALOG_COMPILER_GENERATE_SWIFT_ASSET_SYMBOL_EXTENSIONS = YES;
				CLANG_ANALYZER_NONNULL = YES;
				CLANG_ANALYZER_NUMBER_OBJECT_CONVERSION = YES_AGGRESSIVE;
				CLANG_CXX_LANGUAGE_STANDARD = "gnu++20";
				CLANG_ENABLE_MODULES = YES;
				CLANG_ENABLE_OBJC_ARC = YES;
				CLANG_ENABLE_OBJC_WEAK = YES;
				CLANG_WARN_BLOCK_CAPTURE_AUTORELEASING = YES;
				CLANG_WARN_BOOL_CONVERSION = YES;
				CLANG_WARN_COMMA = YES;
				CLANG_WARN_CONSTANT_CONVERSION = YES;
				CLANG_WARN_DEPRECATED_OBJC_IMPLEMENTATIONS = YES;
				CLANG_WARN_DIRECT_OBJC_ISA_USAGE = YES_ERROR;
				CLANG_WARN_DOCUMENTATION_COMMENTS = YES;
				CLANG_WARN_EMPTY_BODY = YES;
				CLANG_WARN_ENUM_CONVERSION = YES;
				CLANG_WARN_INFINITE_RECURSION = YES;
				CLANG_WARN_INT_CONVERSION = YES;
				CLANG_WARN_NON_LITERAL_NULL_CONVERSION = YES;
				CLANG_WARN_OBJC_IMPLICIT_RETAIN_SELF = YES;
				CLANG_WARN_OBJC_LITERAL_CONVERSION = YES;
				CLANG_WARN_OBJC_ROOT_CLASS = YES_ERROR;
				CLANG_WARN_QUOTED_INCLUDE_IN_FRAMEWORK_HEADER = YES;
				CLANG_WARN_RANGE_LOOP_ANALYSIS = YES;
				CLANG_WARN_STRICT_PROTOTYPES = YES;
				CLANG_WARN_SUSPICIOUS_MOVE = YES;
				CLANG_WARN_UNGUARDED_AVAILABILITY = YES_AGGRESSIVE;
				CLANG_WARN_UNREACHABLE_CODE = YES;
				CLANG_WARN__DUPLICATE_METHOD_MATCH = YES;
				COPY_PHASE_STRIP = NO;
				DEBUG_INFORMATION_FORMAT = dwarf;
				ENABLE_STRICT_OBJC_MSGSEND = YES;
				ENABLE_TESTABILITY = YES;
				ENABLE_USER_SCRIPT_SANDBOXING = YES;
				GCC_C_LANGUAGE_STANDARD = gnu17;
				GCC_DYNAMIC_NO_PIC = NO;
				GCC_NO_COMMON_BLOCKS = YES;
				GCC_OPTIMIZATION_LEVEL = 0;
				GCC_PREPROCESSOR_DEFINITIONS = (
					"DEBUG=1",
					"$(inherited)",
				);
				GCC_WARN_64_TO_32_BIT_CONVERSION = YES;
				GCC_WARN_ABOUT_RETURN_TYPE = YES_ERROR;
				GCC_WARN_UNDECLARED_SELECTOR = YES;
				GCC_WARN_UNINITIALIZED_AUTOS = YES_AGGRESSIVE;
				GCC_WARN_UNUSED_FUNCTION = YES;
				GCC_WARN_UNUSED_VARIABLE = YES;
				IPHONEOS_DEPLOYMENT_TARGET = 17.4;
				LOCALIZATION_PREFERS_STRING_CATALOGS = YES;
				MTL_ENABLE_DEBUG_INFO = INCLUDE_SOURCE;
				MTL_FAST_MATH = YES;
				ONLY_ACTIVE_ARCH = YES;
				SDKROOT = iphoneos;
				SWIFT_ACTIVE_COMPILATION_CONDITIONS = "DEBUG $(inherited)";
				SWIFT_OPTIMIZATION_LEVEL = "-Onone";
			};
			name = Debug;
		};
		293541E82BC91EE80067FE03 /* Release */ = {
			isa = XCBuildConfiguration;
			buildSettings = {
				ALWAYS_SEARCH_USER_PATHS = NO;
				ASSETCATALOG_COMPILER_GENERATE_SWIFT_ASSET_SYMBOL_EXTENSIONS = YES;
				CLANG_ANALYZER_NONNULL = YES;
				CLANG_ANALYZER_NUMBER_OBJECT_CONVERSION = YES_AGGRESSIVE;
				CLANG_CXX_LANGUAGE_STANDARD = "gnu++20";
				CLANG_ENABLE_MODULES = YES;
				CLANG_ENABLE_OBJC_ARC = YES;
				CLANG_ENABLE_OBJC_WEAK = YES;
				CLANG_WARN_BLOCK_CAPTURE_AUTORELEASING = YES;
				CLANG_WARN_BOOL_CONVERSION = YES;
				CLANG_WARN_COMMA = YES;
				CLANG_WARN_CONSTANT_CONVERSION = YES;
				CLANG_WARN_DEPRECATED_OBJC_IMPLEMENTATIONS = YES;
				CLANG_WARN_DIRECT_OBJC_ISA_USAGE = YES_ERROR;
				CLANG_WARN_DOCUMENTATION_COMMENTS = YES;
				CLANG_WARN_EMPTY_BODY = YES;
				CLANG_WARN_ENUM_CONVERSION = YES;
				CLANG_WARN_INFINITE_RECURSION = YES;
				CLANG_WARN_INT_CONVERSION = YES;
				CLANG_WARN_NON_LITERAL_NULL_CONVERSION = YES;
				CLANG_WARN_OBJC_IMPLICIT_RETAIN_SELF = YES;
				CLANG_WARN_OBJC_LITERAL_CONVERSION = YES;
				CLANG_WARN_OBJC_ROOT_CLASS = YES_ERROR;
				CLANG_WARN_QUOTED_INCLUDE_IN_FRAMEWORK_HEADER = YES;
				CLANG_WARN_RANGE_LOOP_ANALYSIS = YES;
				CLANG_WARN_STRICT_PROTOTYPES = YES;
				CLANG_WARN_SUSPICIOUS_MOVE = YES;
				CLANG_WARN_UNGUARDED_AVAILABILITY = YES_AGGRESSIVE;
				CLANG_WARN_UNREACHABLE_CODE = YES;
				CLANG_WARN__DUPLICATE_METHOD_MATCH = YES;
				COPY_PHASE_STRIP = NO;
				DEBUG_INFORMATION_FORMAT = "dwarf-with-dsym";
				ENABLE_NS_ASSERTIONS = NO;
				ENABLE_STRICT_OBJC_MSGSEND = YES;
				ENABLE_USER_SCRIPT_SANDBOXING = YES;
				GCC_C_LANGUAGE_STANDARD = gnu17;
				GCC_NO_COMMON_BLOCKS = YES;
				GCC_WARN_64_TO_32_BIT_CONVERSION = YES;
				GCC_WARN_ABOUT_RETURN_TYPE = YES_ERROR;
				GCC_WARN_UNDECLARED_SELECTOR = YES;
				GCC_WARN_UNINITIALIZED_AUTOS = YES_AGGRESSIVE;
				GCC_WARN_UNUSED_FUNCTION = YES;
				GCC_WARN_UNUSED_VARIABLE = YES;
				IPHONEOS_DEPLOYMENT_TARGET = 17.4;
				LOCALIZATION_PREFERS_STRING_CATALOGS = YES;
				MTL_ENABLE_DEBUG_INFO = NO;
				MTL_FAST_MATH = YES;
				SDKROOT = iphoneos;
				SWIFT_COMPILATION_MODE = wholemodule;
				VALIDATE_PRODUCT = YES;
			};
			name = Release;
		};
		293541EA2BC91EE80067FE03 /* Debug */ = {
			isa = XCBuildConfiguration;
			buildSettings = {
				ASSETCATALOG_COMPILER_APPICON_NAME = AppIcon;
				ASSETCATALOG_COMPILER_GLOBAL_ACCENT_COLOR_NAME = AccentColor;
				CODE_SIGN_STYLE = Automatic;
				CURRENT_PROJECT_VERSION = 1;
				DEVELOPMENT_TEAM = URGL4932BZ;
				GENERATE_INFOPLIST_FILE = YES;
				INFOPLIST_FILE = ipc4/Info.plist;
				INFOPLIST_KEY_UIApplicationSupportsIndirectInputEvents = YES;
				INFOPLIST_KEY_UILaunchStoryboardName = LaunchScreen;
				INFOPLIST_KEY_UIMainStoryboardFile = Main;
				INFOPLIST_KEY_UISupportedInterfaceOrientations_iPad = "UIInterfaceOrientationPortrait UIInterfaceOrientationPortraitUpsideDown UIInterfaceOrientationLandscapeLeft UIInterfaceOrientationLandscapeRight";
				INFOPLIST_KEY_UISupportedInterfaceOrientations_iPhone = "UIInterfaceOrientationPortrait UIInterfaceOrientationLandscapeLeft UIInterfaceOrientationLandscapeRight";
				LD_RUNPATH_SEARCH_PATHS = (
					"$(inherited)",
					"@executable_path/Frameworks",
				);
				MARKETING_VERSION = 1.0;
				PRODUCT_BUNDLE_IDENTIFIER = io.minimacode.ipc4;
				PRODUCT_NAME = "$(TARGET_NAME)";
				SWIFT_EMIT_LOC_STRINGS = YES;
				SWIFT_VERSION = 5.0;
				TARGETED_DEVICE_FAMILY = "1,2";
			};
			name = Debug;
		};
		293541EB2BC91EE80067FE03 /* Release */ = {
			isa = XCBuildConfiguration;
			buildSettings = {
				ASSETCATALOG_COMPILER_APPICON_NAME = AppIcon;
				ASSETCATALOG_COMPILER_GLOBAL_ACCENT_COLOR_NAME = AccentColor;
				CODE_SIGN_STYLE = Automatic;
				CURRENT_PROJECT_VERSION = 1;
				DEVELOPMENT_TEAM = URGL4932BZ;
				GENERATE_INFOPLIST_FILE = YES;
				INFOPLIST_FILE = ipc4/Info.plist;
				INFOPLIST_KEY_UIApplicationSupportsIndirectInputEvents = YES;
				INFOPLIST_KEY_UILaunchStoryboardName = LaunchScreen;
				INFOPLIST_KEY_UIMainStoryboardFile = Main;
				INFOPLIST_KEY_UISupportedInterfaceOrientations_iPad = "UIInterfaceOrientationPortrait UIInterfaceOrientationPortraitUpsideDown UIInterfaceOrientationLandscapeLeft UIInterfaceOrientationLandscapeRight";
				INFOPLIST_KEY_UISupportedInterfaceOrientations_iPhone = "UIInterfaceOrientationPortrait UIInterfaceOrientationLandscapeLeft UIInterfaceOrientationLandscapeRight";
				LD_RUNPATH_SEARCH_PATHS = (
					"$(inherited)",
					"@executable_path/Frameworks",
				);
				MARKETING_VERSION = 1.0;
				PRODUCT_BUNDLE_IDENTIFIER = io.minimacode.ipc4;
				PRODUCT_NAME = "$(TARGET_NAME)";
				SWIFT_EMIT_LOC_STRINGS = YES;
				SWIFT_VERSION = 5.0;
				TARGETED_DEVICE_FAMILY = "1,2";
			};
			name = Release;
		};
/* End XCBuildConfiguration section */

/* Begin XCConfigurationList section */
		293541D02BC91EE70067FE03 /* Build configuration list for PBXProject "ipc4" */ = {
			isa = XCConfigurationList;
			buildConfigurations = (
				293541E72BC91EE80067FE03 /* Debug */,
				293541E82BC91EE80067FE03 /* Release */,
			);
			defaultConfigurationIsVisible = 0;
			defaultConfigurationName = Release;
		};
		293541E92BC91EE80067FE03 /* Build configuration list for PBXNativeTarget "ipc4" */ = {
			isa = XCConfigurationList;
			buildConfigurations = (
				293541EA2BC91EE80067FE03 /* Debug */,
				293541EB2BC91EE80067FE03 /* Release */,
			);
			defaultConfigurationIsVisible = 0;
			defaultConfigurationName = Release;
		};
/* End XCConfigurationList section */

/* Begin XCRemoteSwiftPackageReference section */
		293541EC2BC91F090067FE03 /* XCRemoteSwiftPackageReference "HaishinKit" */ = {
			isa = XCRemoteSwiftPackageReference;
			repositoryURL = "https://github.com/shogo4405/HaishinKit.swift";
			requirement = {
				kind = upToNextMajorVersion;
				minimumVersion = 1.7.6;
			};
		};
/* End XCRemoteSwiftPackageReference section */

/* Begin XCSwiftPackageProductDependency section */
		293541ED2BC91F090067FE03 /* HaishinKit */ = {
			isa = XCSwiftPackageProductDependency;
			package = 293541EC2BC91F090067FE03 /* XCRemoteSwiftPackageReference "HaishinKit" */;
			productName = HaishinKit;
		};
		293541EF2BC91F090067FE03 /* SRTHaishinKit */ = {
			isa = XCSwiftPackageProductDependency;
			package = 293541EC2BC91F090067FE03 /* XCRemoteSwiftPackageReference "HaishinKit" */;
			productName = SRTHaishinKit;
		};
/* End XCSwiftPackageProductDependency section */
	};
	rootObject = 293541CD2BC91EE70067FE03 /* Project object */;
}
